
Microsoft Visual Studio Solution File, Format Version 12.00
# Visual Studio 15
VisualStudioVersion = 15.0.28307.106
MinimumVisualStudioVersion = 10.0.40219.1
Project("{FAE04EC0-301F-11D3-BF4B-00C04F79EFBC}") = "AlgAndStructs_RGZ_SuffixTree", "AlgAndStructs_RGZ_SuffixTree\AlgAndStructs_RGZ_SuffixTree.csproj", "{CEB7ED3D-CD09-45A7-8056-A4A97D2608CA}"
EndProject
Global
	GlobalSection(SolutionConfigurationPlatforms) = preSolution
		Debug|Any CPU = Debug|Any CPU
		Release|Any CPU = Release|Any CPU
	EndGlobalSection
	GlobalSection(ProjectConfigurationPlatforms) = postSolution
		{CEB7ED3D-CD09-45A7-8056-A4A97D2608CA}.Debug|Any CPU.ActiveCfg = Debug|Any CPU
		{CEB7ED3D-CD09-45A7-8056-A4A97D2608CA}.Debug|Any CPU.Build.0 = Debug|Any CPU
		{CEB7ED3D-CD09-45A7-8056-A4A97D2608CA}.Release|Any CPU.ActiveCfg = Release|Any CPU
		{CEB7ED3D-CD09-45A7-8056-A4A97D2608CA}.Release|Any CPU.Build.0 = Release|Any CPU
	EndGlobalSection
	GlobalSection(SolutionProperties) = preSolution
		HideSolutionNode = FALSE
	EndGlobalSection
	GlobalSection(ExtensibilityGlobals) = postSolution
		SolutionGuid = {AE0F6756-1764-4B49-9231-8538392A4435}
	EndGlobalSection
EndGlobal
